{
  "name": "@monorepo-test/prisma",
  "version": "1.0.0",
  "lockfileVersion": 2,
  "requires": true,
  "packages": {
    "": {
      "name": "@monorepo-test/prisma",
      "version": "1.0.0",
      "dependencies": {
        "@prisma/client": "^4.2.0"
      }
    },
    "node_modules/@prisma/client": {
      "version": "4.2.0",
      "resolved": "https://registry.npmjs.org/@prisma/client/-/client-4.2.0.tgz",
      "integrity": "sha512-Q/X8fi1UBufCrkdLk188sC/roiGxEm1V3qU4uEP5SyleO5n2A+FyC62S7+4I0hu57CU3c7Ls3YjqPiZyTHVGOw==",
      "hasInstallScript": true,
      "dependencies": {
        "@prisma/engines-version": "4.2.0-33.2920a97877e12e055c1333079b8d19cee7f33826"
      },
      "engines": {
        "node": ">=14.17"
      },
      "peerDependencies": {
        "prisma": "*"
      },
      "peerDependenciesMeta": {
        "prisma": {
          "optional": true
        }
      }
    },
    "node_modules/@prisma/engines-version": {
      "version": "4.2.0-33.2920a97877e12e055c1333079b8d19cee7f33826",
      "resolved": "https://registry.npmjs.org/@prisma/engines-version/-/engines-version-4.2.0-33.2920a97877e12e055c1333079b8d19cee7f33826.tgz",
      "integrity": "sha512-tktkqdiwqE4QhmE088boPt+FwPj1Jub/zk+5F6sEfcRHzO5yz9jyMD5HFVtiwxZPLx/8Xg9ElnuTi8E5lWVQFQ=="
    }
  },
  "dependencies": {
    "@prisma/client": {
      "version": "4.2.0",
      "resolved": "https://registry.npmjs.org/@prisma/client/-/client-4.2.0.tgz",
      "integrity": "sha512-Q/X8fi1UBufCrkdLk188sC/roiGxEm1V3qU4uEP5SyleO5n2A+FyC62S7+4I0hu57CU3c7Ls3YjqPiZyTHVGOw==",
      "requires": {
        "@prisma/engines-version": "4.2.0-33.2920a97877e12e055c1333079b8d19cee7f33826"
      }
    },
    "@prisma/engines-version": {
      "version": "4.2.0-33.2920a97877e12e055c1333079b8d19cee7f33826",
      "resolved": "https://registry.npmjs.org/@prisma/engines-version/-/engines-version-4.2.0-33.2920a97877e12e055c1333079b8d19cee7f33826.tgz",
      "integrity": "sha512-tktkqdiwqE4QhmE088boPt+FwPj1Jub/zk+5F6sEfcRHzO5yz9jyMD5HFVtiwxZPLx/8Xg9ElnuTi8E5lWVQFQ=="
    }
  }
}
